// !$*UTF8*$!
{
	archiveVersion = 1;
	classes = {
	};
	objectVersion = 56;
	objects = {

/* Begin PBXBuildFile section */
		01C2574F2950AB00003CEBD9 /* GPSSpoofApp.swift in Sources */ = {isa = PBXBuildFile; fileRef = 01C2574E2950AB00003CEBD9 /* GPSSpoofApp.swift */; };
		01C257512950AB00003CEBD9 /* ContentView.swift in Sources */ = {isa = PBXBuildFile; fileRef = 01C257502950AB00003CEBD9 /* ContentView.swift */; };
		01C257532950AB02003CEBD9 /* Assets.xcassets in Resources */ = {isa = PBXBuildFile; fileRef = 01C257522950AB02003CEBD9 /* Assets.xcassets */; };
		01C257562950AB02003CEBD9 /* Preview Assets.xcassets in Resources */ = {isa = PBXBuildFile; fileRef = 01C257552950AB02003CEBD9 /* Preview Assets.xcassets */; };
		01C257602950AB02003CEBD9 /* GPSSpoofTests.swift in Sources */ = {isa = PBXBuildFile; fileRef = 01C2575F2950AB02003CEBD9 /* GPSSpoofTests.swift */; };
		01C2576A2950AB02003CEBD9 /* GPSSpoofUITests.swift in Sources */ = {isa = PBXBuildFile; fileRef = 01C257692950AB02003CEBD9 /* GPSSpoofUITests.swift */; };
		01C2576C2950AB02003CEBD9 /* GPSSpoofUITestsLaunchTests.swift in Sources */ = {isa = PBXBuildFile; fileRef = 01C2576B2950AB02003CEBD9 /* GPSSpoofUITestsLaunchTests.swift */; };
/* End PBXBuildFile section */

/* Begin PBXContainerItemProxy section */
		01C2575C2950AB02003CEBD9 /* PBXContainerItemProxy */ = {
			isa = PBXContainerItemProxy;
			containerPortal = 01C257432950AB00003CEBD9 /* Project object */;
			proxyType = 1;
			remoteGlobalIDString = 01C2574A2950AB00003CEBD9;
			remoteInfo = GPSSpoof;
		};
		01C257662950AB02003CEBD9 /* PBXContainerItemProxy */ = {
			isa = PBXContainerItemProxy;
			containerPortal = 01C257432950AB00003CEBD9 /* Project object */;
			proxyType = 1;
			remoteGlobalIDString = 01C2574A2950AB00003CEBD9;
			remoteInfo = GPSSpoof;
		};
/* End PBXContainerItemProxy section */

/* Begin PBXFileReference section */
		01C2574B2950AB00003CEBD9 /* GPSSpoof.app */ = {isa = PBXFileReference; explicitFileType = wrapper.application; includeInIndex = 0; path = GPSSpoof.app; sourceTree = BUILT_PRODUCTS_DIR; };
		01C2574E2950AB00003CEBD9 /* GPSSpoofApp.swift */ = {isa = PBXFileReference; lastKnownFileType = sourcecode.swift; path = GPSSpoofApp.swift; sourceTree = "<group>"; };
		01C257502950AB00003CEBD9 /* ContentView.swift */ = {isa = PBXFileReference; lastKnownFileType = sourcecode.swift; path = ContentView.swift; sourceTree = "<group>"; };
		01C257522950AB02003CEBD9 /* Assets.xcassets */ = {isa = PBXFileReference; lastKnownFileType = folder.assetcatalog; path = Assets.xcassets; sourceTree = "<group>"; };
		01C257552950AB02003CEBD9 /* Preview Assets.xcassets */ = {isa = PBXFileReference; lastKnownFileType = folder.assetcatalog; path = "Preview Assets.xcassets"; sourceTree = "<group>"; };
		01C2575B2950AB02003CEBD9 /* GPSSpoofTests.xctest */ = {isa = PBXFileReference; explicitFileType = wrapper.cfbundle; includeInIndex = 0; path = GPSSpoofTests.xctest; sourceTree = BUILT_PRODUCTS_DIR; };
		01C2575F2950AB02003CEBD9 /* GPSSpoofTests.swift */ = {isa = PBXFileReference; lastKnownFileType = sourcecode.swift; path = GPSSpoofTests.swift; sourceTree = "<group>"; };
		01C257652950AB02003CEBD9 /* GPSSpoofUITests.xctest */ = {isa = PBXFileReference; explicitFileType = wrapper.cfbundle; includeInIndex = 0; path = GPSSpoofUITests.xctest; sourceTree = BUILT_PRODUCTS_DIR; };
		01C257692950AB02003CEBD9 /* GPSSpoofUITests.swift */ = {isa = PBXFileReference; lastKnownFileType = sourcecode.swift; path = GPSSpoofUITests.swift; sourceTree = "<group>"; };
		01C2576B2950AB02003CEBD9 /* GPSSpoofUITestsLaunchTests.swift */ = {isa = PBXFileReference; lastKnownFileType = sourcecode.swift; path = GPSSpoofUITestsLaunchTests.swift; sourceTree = "<group>"; };
/* End PBXFileReference section */

/* Begin PBXFrameworksBuildPhase section */
		01C257482950AB00003CEBD9 /* Frameworks */ = {
			isa = PBXFrameworksBuildPhase;
			buildActionMask = 2147483647;
			files = (
			);
			runOnlyForDeploymentPostprocessing = 0;
		};
		01C257582950AB02003CEBD9 /* Frameworks */ = {
			isa = PBXFrameworksBuildPhase;
			buildActionMask = 2147483647;
			files = (
			);
			runOnlyForDeploymentPostprocessing = 0;
		};
		01C257622950AB02003CEBD9 /* Frameworks */ = {
			isa = PBXFrameworksBuildPhase;
			buildActionMask = 2147483647;
			files = (
			);
			runOnlyForDeploymentPostprocessing = 0;
		};
/* End PBXFrameworksBuildPhase section */

/* Begin PBXGroup section */
		01C257422950AB00003CEBD9 = {
			isa = PBXGroup;
			children = (
				01C2574D2950AB00003CEBD9 /* GPSSpoof */,
				01C2575E2950AB02003CEBD9 /* GPSSpoofTests */,
				01C257682950AB02003CEBD9 /* GPSSpoofUITests */,
				01C2574C2950AB00003CEBD9 /* Products */,
			);
			sourceTree = "<group>";
		};
		01C2574C2950AB00003CEBD9 /* Products */ = {
			isa = PBXGroup;
			children = (
				01C2574B2950AB00003CEBD9 /* GPSSpoof.app */,
				01C2575B2950AB02003CEBD9 /* GPSSpoofTests.xctest */,
				01C257652950AB02003CEBD9 /* GPSSpoofUITests.xctest */,
			);
			name = Products;
			sourceTree = "<group>";
		};
		01C2574D2950AB00003CEBD9 /* GPSSpoof */ = {
			isa = PBXGroup;
			children = (
				01C2574E2950AB00003CEBD9 /* GPSSpoofApp.swift */,
				01C257502950AB00003CEBD9 /* ContentView.swift */,
				01C257522950AB02003CEBD9 /* Assets.xcassets */,
				01C257542950AB02003CEBD9 /* Preview Content */,
			);
			path = GPSSpoof;
			sourceTree = "<group>";
		};
		01C257542950AB02003CEBD9 /* Preview Content */ = {
			isa = PBXGroup;
			children = (
				01C257552950AB02003CEBD9 /* Preview Assets.xcassets */,
			);
			path = "Preview Content";
			sourceTree = "<group>";
		};
		01C2575E2950AB02003CEBD9 /* GPSSpoofTests */ = {
			isa = PBXGroup;
			children = (
				01C2575F2950AB02003CEBD9 /* GPSSpoofTests.swift */,
			);
			path = GPSSpoofTests;
			sourceTree = "<group>";
		};
		01C257682950AB02003CEBD9 /* GPSSpoofUITests */ = {
			isa = PBXGroup;
			children = (
				01C257692950AB02003CEBD9 /* GPSSpoofUITests.swift */,
				01C2576B2950AB02003CEBD9 /* GPSSpoofUITestsLaunchTests.swift */,
			);
			path = GPSSpoofUITests;
			sourceTree = "<group>";
		};
/* End PBXGroup section */

/* Begin PBXNativeTarget section */
		01C2574A2950AB00003CEBD9 /* GPSSpoof */ = {
			isa = PBXNativeTarget;
			buildConfigurationList = 01C2576F2950AB02003CEBD9 /* Build configuration list for PBXNativeTarget "GPSSpoof" */;
			buildPhases = (
				01C257472950AB00003CEBD9 /* Sources */,
				01C257482950AB00003CEBD9 /* Frameworks */,
				01C257492950AB00003CEBD9 /* Resources */,
			);
			buildRules = (
			);
			dependencies = (
			);
			name = GPSSpoof;
			productName = GPSSpoof;
			productReference = 01C2574B2950AB00003CEBD9 /* GPSSpoof.app */;
			productType = "com.apple.product-type.application";
		};
		01C2575A2950AB02003CEBD9 /* GPSSpoofTests */ = {
			isa = PBXNativeTarget;
			buildConfigurationList = 01C257722950AB02003CEBD9 /* Build configuration list for PBXNativeTarget "GPSSpoofTests" */;
			buildPhases = (
				01C257572950AB02003CEBD9 /* Sources */,
				01C257582950AB02003CEBD9 /* Frameworks */,
				01C257592950AB02003CEBD9 /* Resources */,
			);
			buildRules = (
			);
			dependencies = (
				01C2575D2950AB02003CEBD9 /* PBXTargetDependency */,
			);
			name = GPSSpoofTests;
			productName = GPSSpoofTests;
			productReference = 01C2575B2950AB02003CEBD9 /* GPSSpoofTests.xctest */;
			productType = "com.apple.product-type.bundle.unit-test";
		};
		01C257642950AB02003CEBD9 /* GPSSpoofUITests */ = {
			isa = PBXNativeTarget;
			buildConfigurationList = 01C257752950AB02003CEBD9 /* Build configuration list for PBXNativeTarget "GPSSpoofUITests" */;
			buildPhases = (
				01C257612950AB02003CEBD9 /* Sources */,
				01C257622950AB02003CEBD9 /* Frameworks */,
				01C257632950AB02003CEBD9 /* Resources */,
			);
			buildRules = (
			);
			dependencies = (
				01C257672950AB02003CEBD9 /* PBXTargetDependency */,
			);
			name = GPSSpoofUITests;
			productName = GPSSpoofUITests;
			productReference = 01C257652950AB02003CEBD9 /* GPSSpoofUITests.xctest */;
			productType = "com.apple.product-type.bundle.ui-testing";
		};
/* End PBXNativeTarget section */

/* Begin PBXProject section */
		01C257432950AB00003CEBD9 /* Project object */ = {
			isa = PBXProject;
			attributes = {
				BuildIndependentTargetsInParallel = 1;
				LastSwiftUpdateCheck = 1420;
				LastUpgradeCheck = 1420;
				TargetAttributes = {
					01C2574A2950AB00003CEBD9 = {
						CreatedOnToolsVersion = 14.2;
					};
					01C2575A2950AB02003CEBD9 = {
						CreatedOnToolsVersion = 14.2;
						TestTargetID = 01C2574A2950AB00003CEBD9;
					};
					01C257642950AB02003CEBD9 = {
						CreatedOnToolsVersion = 14.2;
						TestTargetID = 01C2574A2950AB00003CEBD9;
					};
				};
			};
			buildConfigurationList = 01C257462950AB00003CEBD9 /* Build configuration list for PBXProject "GPSSpoof" */;
			compatibilityVersion = "Xcode 14.0";
			developmentRegion = en;
			hasScannedForEncodings = 0;
			knownRegions = (
				en,
				Base,
			);
			mainGroup = 01C257422950AB00003CEBD9;
			productRefGroup = 01C2574C2950AB00003CEBD9 /* Products */;
			projectDirPath = "";
			projectRoot = "";
			targets = (
				01C2574A2950AB00003CEBD9 /* GPSSpoof */,
				01C2575A2950AB02003CEBD9 /* GPSSpoofTests */,
				01C257642950AB02003CEBD9 /* GPSSpoofUITests */,
			);
		};
/* End PBXProject section */

/* Begin PBXResourcesBuildPhase section */
		01C257492950AB00003CEBD9 /* Resources */ = {
			isa = PBXResourcesBuildPhase;
			buildActionMask = 2147483647;
			files = (
				01C257562950AB02003CEBD9 /* Preview Assets.xcassets in Resources */,
				01C257532950AB02003CEBD9 /* Assets.xcassets in Resources */,
			);
			runOnlyForDeploymentPostprocessing = 0;
		};
		01C257592950AB02003CEBD9 /* Resources */ = {
			isa = PBXResourcesBuildPhase;
			buildActionMask = 2147483647;
			files = (
			);
			runOnlyForDeploymentPostprocessing = 0;
		};
		01C257632950AB02003CEBD9 /* Resources */ = {
			isa = PBXResourcesBuildPhase;
			buildActionMask = 2147483647;
			files = (
			);
			runOnlyForDeploymentPostprocessing = 0;
		};
/* End PBXResourcesBuildPhase section */

/* Begin PBXSourcesBuildPhase section */
		01C257472950AB00003CEBD9 /* Sources */ = {
			isa = PBXSourcesBuildPhase;
			buildActionMask = 2147483647;
			files = (
				01C257512950AB00003CEBD9 /* ContentView.swift in Sources */,
				01C2574F2950AB00003CEBD9 /* GPSSpoofApp.swift in Sources */,
			);
			runOnlyForDeploymentPostprocessing = 0;
		};
		01C257572950AB02003CEBD9 /* Sources */ = {
			isa = PBXSourcesBuildPhase;
			buildActionMask = 2147483647;
			files = (
				01C257602950AB02003CEBD9 /* GPSSpoofTests.swift in Sources */,
			);
			runOnlyForDeploymentPostprocessing = 0;
		};
		01C257612950AB02003CEBD9 /* Sources */ = {
			isa = PBXSourcesBuildPhase;
			buildActionMask = 2147483647;
			files = (
				01C2576C2950AB02003CEBD9 /* GPSSpoofUITestsLaunchTests.swift in Sources */,
				01C2576A2950AB02003CEBD9 /* GPSSpoofUITests.swift in Sources */,
			);
			runOnlyForDeploymentPostprocessing = 0;
		};
/* End PBXSourcesBuildPhase section */

/* Begin PBXTargetDependency section */
		01C2575D2950AB02003CEBD9 /* PBXTargetDependency */ = {
			isa = PBXTargetDependency;
			target = 01C2574A2950AB00003CEBD9 /* GPSSpoof */;
			targetProxy = 01C2575C2950AB02003CEBD9 /* PBXContainerItemProxy */;
		};
		01C257672950AB02003CEBD9 /* PBXTargetDependency */ = {
			isa = PBXTargetDependency;
			target = 01C2574A2950AB00003CEBD9 /* GPSSpoof */;
			targetProxy = 01C257662950AB02003CEBD9 /* PBXContainerItemProxy */;
		};
/* End PBXTargetDependency section */

/* Begin XCBuildConfiguration section */
		01C2576D2950AB02003CEBD9 /* Debug */ = {
			isa = XCBuildConfiguration;
			buildSettings = {
				ALWAYS_SEARCH_USER_PATHS = NO;
				CLANG_ANALYZER_NONNULL = YES;
				CLANG_ANALYZER_NUMBER_OBJECT_CONVERSION = YES_AGGRESSIVE;
				CLANG_CXX_LANGUAGE_STANDARD = "gnu++20";
				CLANG_ENABLE_MODULES = YES;
				CLANG_ENABLE_OBJC_ARC = YES;
				CLANG_ENABLE_OBJC_WEAK = YES;
				CLANG_WARN_BLOCK_CAPTURE_AUTORELEASING = YES;
				CLANG_WARN_BOOL_CONVERSION = YES;
				CLANG_WARN_COMMA = YES;
				CLANG_WARN_CONSTANT_CONVERSION = YES;
				CLANG_WARN_DEPRECATED_OBJC_IMPLEMENTATIONS = YES;
				CLANG_WARN_DIRECT_OBJC_ISA_USAGE = YES_ERROR;
				CLANG_WARN_DOCUMENTATION_COMMENTS = YES;
				CLANG_WARN_EMPTY_BODY = YES;
				CLANG_WARN_ENUM_CONVERSION = YES;
				CLANG_WARN_INFINITE_RECURSION = YES;
				CLANG_WARN_INT_CONVERSION = YES;
				CLANG_WARN_NON_LITERAL_NULL_CONVERSION = YES;
				CLANG_WARN_OBJC_IMPLICIT_RETAIN_SELF = YES;
				CLANG_WARN_OBJC_LITERAL_CONVERSION = YES;
				CLANG_WARN_OBJC_ROOT_CLASS = YES_ERROR;
				CLANG_WARN_QUOTED_INCLUDE_IN_FRAMEWORK_HEADER = YES;
				CLANG_WARN_RANGE_LOOP_ANALYSIS = YES;
				CLANG_WARN_STRICT_PROTOTYPES = YES;
				CLANG_WARN_SUSPICIOUS_MOVE = YES;
				CLANG_WARN_UNGUARDED_AVAILABILITY = YES_AGGRESSIVE;
				CLANG_WARN_UNREACHABLE_CODE = YES;
				CLANG_WARN__DUPLICATE_METHOD_MATCH = YES;
				COPY_PHASE_STRIP = NO;
				DEBUG_INFORMATION_FORMAT = dwarf;
				ENABLE_STRICT_OBJC_MSGSEND = YES;
				ENABLE_TESTABILITY = YES;
				GCC_C_LANGUAGE_STANDARD = gnu11;
				GCC_DYNAMIC_NO_PIC = NO;
				GCC_NO_COMMON_BLOCKS = YES;
				GCC_OPTIMIZATION_LEVEL = 0;
				GCC_PREPROCESSOR_DEFINITIONS = (
					"DEBUG=1",
					"$(inherited)",
				);
				GCC_WARN_64_TO_32_BIT_CONVERSION = YES;
				GCC_WARN_ABOUT_RETURN_TYPE = YES_ERROR;
				GCC_WARN_UNDECLARED_SELECTOR = YES;
				GCC_WARN_UNINITIALIZED_AUTOS = YES_AGGRESSIVE;
				GCC_WARN_UNUSED_FUNCTION = YES;
				GCC_WARN_UNUSED_VARIABLE = YES;
				IPHONEOS_DEPLOYMENT_TARGET = 16.2;
				MTL_ENABLE_DEBUG_INFO = INCLUDE_SOURCE;
				MTL_FAST_MATH = YES;
				ONLY_ACTIVE_ARCH = YES;
				SDKROOT = iphoneos;
				SWIFT_ACTIVE_COMPILATION_CONDITIONS = DEBUG;
				SWIFT_OPTIMIZATION_LEVEL = "-Onone";
			};
			name = Debug;
		};
		01C2576E2950AB02003CEBD9 /* Release */ = {
			isa = XCBuildConfiguration;
			buildSettings = {
				ALWAYS_SEARCH_USER_PATHS = NO;
				CLANG_ANALYZER_NONNULL = YES;
				CLANG_ANALYZER_NUMBER_OBJECT_CONVERSION = YES_AGGRESSIVE;
				CLANG_CXX_LANGUAGE_STANDARD = "gnu++20";
				CLANG_ENABLE_MODULES = YES;
				CLANG_ENABLE_OBJC_ARC = YES;
				CLANG_ENABLE_OBJC_WEAK = YES;
				CLANG_WARN_BLOCK_CAPTURE_AUTORELEASING = YES;
				CLANG_WARN_BOOL_CONVERSION = YES;
				CLANG_WARN_COMMA = YES;
				CLANG_WARN_CONSTANT_CONVERSION = YES;
				CLANG_WARN_DEPRECATED_OBJC_IMPLEMENTATIONS = YES;
				CLANG_WARN_DIRECT_OBJC_ISA_USAGE = YES_ERROR;
				CLANG_WARN_DOCUMENTATION_COMMENTS = YES;
				CLANG_WARN_EMPTY_BODY = YES;
				CLANG_WARN_ENUM_CONVERSION = YES;
				CLANG_WARN_INFINITE_RECURSION = YES;
				CLANG_WARN_INT_CONVERSION = YES;
				CLANG_WARN_NON_LITERAL_NULL_CONVERSION = YES;
				CLANG_WARN_OBJC_IMPLICIT_RETAIN_SELF = YES;
				CLANG_WARN_OBJC_LITERAL_CONVERSION = YES;
				CLANG_WARN_OBJC_ROOT_CLASS = YES_ERROR;
				CLANG_WARN_QUOTED_INCLUDE_IN_FRAMEWORK_HEADER = YES;
				CLANG_WARN_RANGE_LOOP_ANALYSIS = YES;
				CLANG_WARN_STRICT_PROTOTYPES = YES;
				CLANG_WARN_SUSPICIOUS_MOVE = YES;
				CLANG_WARN_UNGUARDED_AVAILABILITY = YES_AGGRESSIVE;
				CLANG_WARN_UNREACHABLE_CODE = YES;
				CLANG_WARN__DUPLICATE_METHOD_MATCH = YES;
				COPY_PHASE_STRIP = NO;
				DEBUG_INFORMATION_FORMAT = "dwarf-with-dsym";
				ENABLE_NS_ASSERTIONS = NO;
				ENABLE_STRICT_OBJC_MSGSEND = YES;
				GCC_C_LANGUAGE_STANDARD = gnu11;
				GCC_NO_COMMON_BLOCKS = YES;
				GCC_WARN_64_TO_32_BIT_CONVERSION = YES;
				GCC_WARN_ABOUT_RETURN_TYPE = YES_ERROR;
				GCC_WARN_UNDECLARED_SELECTOR = YES;
				GCC_WARN_UNINITIALIZED_AUTOS = YES_AGGRESSIVE;
				GCC_WARN_UNUSED_FUNCTION = YES;
				GCC_WARN_UNUSED_VARIABLE = YES;
				IPHONEOS_DEPLOYMENT_TARGET = 16.2;
				MTL_ENABLE_DEBUG_INFO = NO;
				MTL_FAST_MATH = YES;
				SDKROOT = iphoneos;
				SWIFT_COMPILATION_MODE = wholemodule;
				SWIFT_OPTIMIZATION_LEVEL = "-O";
				VALIDATE_PRODUCT = YES;
			};
			name = Release;
		};
		01C257702950AB02003CEBD9 /* Debug */ = {
			isa = XCBuildConfiguration;
			buildSettings = {
				ASSETCATALOG_COMPILER_APPICON_NAME = AppIcon;
				ASSETCATALOG_COMPILER_GLOBAL_ACCENT_COLOR_NAME = AccentColor;
				CODE_SIGN_STYLE = Automatic;
				CURRENT_PROJECT_VERSION = 1;
				DEVELOPMENT_ASSET_PATHS = "\"GPSSpoof/Preview Content\"";
				DEVELOPMENT_TEAM = 3F86R73PL7;
				ENABLE_PREVIEWS = YES;
				GENERATE_INFOPLIST_FILE = YES;
				INFOPLIST_KEY_UIApplicationSceneManifest_Generation = YES;
				INFOPLIST_KEY_UIApplicationSupportsIndirectInputEvents = YES;
				INFOPLIST_KEY_UILaunchScreen_Generation = YES;
				INFOPLIST_KEY_UISupportedInterfaceOrientations_iPad = "UIInterfaceOrientationPortrait UIInterfaceOrientationPortraitUpsideDown UIInterfaceOrientationLandscapeLeft UIInterfaceOrientationLandscapeRight";
				INFOPLIST_KEY_UISupportedInterfaceOrientations_iPhone = "UIInterfaceOrientationPortrait UIInterfaceOrientationLandscapeLeft UIInterfaceOrientationLandscapeRight";
				LD_RUNPATH_SEARCH_PATHS = (
					"$(inherited)",
					"@executable_path/Frameworks",
				);
				MARKETING_VERSION = 1.0;
				PRODUCT_BUNDLE_IDENTIFIER = jacob.yc.wang.GPSSpoof;
				PRODUCT_NAME = "$(TARGET_NAME)";
				SWIFT_EMIT_LOC_STRINGS = YES;
				SWIFT_VERSION = 5.0;
				TARGETED_DEVICE_FAMILY = "1,2";
			};
			name = Debug;
		};
		01C257712950AB02003CEBD9 /* Release */ = {
			isa = XCBuildConfiguration;
			buildSettings = {
				ASSETCATALOG_COMPILER_APPICON_NAME = AppIcon;
				ASSETCATALOG_COMPILER_GLOBAL_ACCENT_COLOR_NAME = AccentColor;
				CODE_SIGN_STYLE = Automatic;
				CURRENT_PROJECT_VERSION = 1;
				DEVELOPMENT_ASSET_PATHS = "\"GPSSpoof/Preview Content\"";
				DEVELOPMENT_TEAM = 3F86R73PL7;
				ENABLE_PREVIEWS = YES;
				GENERATE_INFOPLIST_FILE = YES;
				INFOPLIST_KEY_UIApplicationSceneManifest_Generation = YES;
				INFOPLIST_KEY_UIApplicationSupportsIndirectInputEvents = YES;
				INFOPLIST_KEY_UILaunchScreen_Generation = YES;
				INFOPLIST_KEY_UISupportedInterfaceOrientations_iPad = "UIInterfaceOrientationPortrait UIInterfaceOrientationPortraitUpsideDown UIInterfaceOrientationLandscapeLeft UIInterfaceOrientationLandscapeRight";
				INFOPLIST_KEY_UISupportedInterfaceOrientations_iPhone = "UIInterfaceOrientationPortrait UIInterfaceOrientationLandscapeLeft UIInterfaceOrientationLandscapeRight";
				LD_RUNPATH_SEARCH_PATHS = (
					"$(inherited)",
					"@executable_path/Frameworks",
				);
				MARKETING_VERSION = 1.0;
				PRODUCT_BUNDLE_IDENTIFIER = jacob.yc.wang.GPSSpoof;
				PRODUCT_NAME = "$(TARGET_NAME)";
				SWIFT_EMIT_LOC_STRINGS = YES;
				SWIFT_VERSION = 5.0;
				TARGETED_DEVICE_FAMILY = "1,2";
			};
			name = Release;
		};
		01C257732950AB02003CEBD9 /* Debug */ = {
			isa = XCBuildConfiguration;
			buildSettings = {
				ALWAYS_EMBED_SWIFT_STANDARD_LIBRARIES = YES;
				BUNDLE_LOADER = "$(TEST_HOST)";
				CODE_SIGN_STYLE = Automatic;
				CURRENT_PROJECT_VERSION = 1;
				DEVELOPMENT_TEAM = 3F86R73PL7;
				GENERATE_INFOPLIST_FILE = YES;
				IPHONEOS_DEPLOYMENT_TARGET = 16.2;
				MARKETING_VERSION = 1.0;
				PRODUCT_BUNDLE_IDENTIFIER = jacob.yc.wang.GPSSpoofTests;
				PRODUCT_NAME = "$(TARGET_NAME)";
				SWIFT_EMIT_LOC_STRINGS = NO;
				SWIFT_VERSION = 5.0;
				TARGETED_DEVICE_FAMILY = "1,2";
				TEST_HOST = "$(BUILT_PRODUCTS_DIR)/GPSSpoof.app/$(BUNDLE_EXECUTABLE_FOLDER_PATH)/GPSSpoof";
			};
			name = Debug;
		};
		01C257742950AB02003CEBD9 /* Release */ = {
			isa = XCBuildConfiguration;
			buildSettings = {
				ALWAYS_EMBED_SWIFT_STANDARD_LIBRARIES = YES;
				BUNDLE_LOADER = "$(TEST_HOST)";
				CODE_SIGN_STYLE = Automatic;
				CURRENT_PROJECT_VERSION = 1;
				DEVELOPMENT_TEAM = 3F86R73PL7;
				GENERATE_INFOPLIST_FILE = YES;
				IPHONEOS_DEPLOYMENT_TARGET = 16.2;
				MARKETING_VERSION = 1.0;
				PRODUCT_BUNDLE_IDENTIFIER = jacob.yc.wang.GPSSpoofTests;
				PRODUCT_NAME = "$(TARGET_NAME)";
				SWIFT_EMIT_LOC_STRINGS = NO;
				SWIFT_VERSION = 5.0;
				TARGETED_DEVICE_FAMILY = "1,2";
				TEST_HOST = "$(BUILT_PRODUCTS_DIR)/GPSSpoof.app/$(BUNDLE_EXECUTABLE_FOLDER_PATH)/GPSSpoof";
			};
			name = Release;
		};
		01C257762950AB02003CEBD9 /* Debug */ = {
			isa = XCBuildConfiguration;
			buildSettings = {
				ALWAYS_EMBED_SWIFT_STANDARD_LIBRARIES = YES;
				CODE_SIGN_STYLE = Automatic;
				CURRENT_PROJECT_VERSION = 1;
				DEVELOPMENT_TEAM = 3F86R73PL7;
				GENERATE_INFOPLIST_FILE = YES;
				MARKETING_VERSION = 1.0;
				PRODUCT_BUNDLE_IDENTIFIER = jacob.yc.wang.GPSSpoofUITests;
				PRODUCT_NAME = "$(TARGET_NAME)";
				SWIFT_EMIT_LOC_STRINGS = NO;
				SWIFT_VERSION = 5.0;
				TARGETED_DEVICE_FAMILY = "1,2";
				TEST_TARGET_NAME = GPSSpoof;
			};
			name = Debug;
		};
		01C257772950AB02003CEBD9 /* Release */ = {
			isa = XCBuildConfiguration;
			buildSettings = {
				ALWAYS_EMBED_SWIFT_STANDARD_LIBRARIES = YES;
				CODE_SIGN_STYLE = Automatic;
				CURRENT_PROJECT_VERSION = 1;
				DEVELOPMENT_TEAM = 3F86R73PL7;
				GENERATE_INFOPLIST_FILE = YES;
				MARKETING_VERSION = 1.0;
				PRODUCT_BUNDLE_IDENTIFIER = jacob.yc.wang.GPSSpoofUITests;
				PRODUCT_NAME = "$(TARGET_NAME)";
				SWIFT_EMIT_LOC_STRINGS = NO;
				SWIFT_VERSION = 5.0;
				TARGETED_DEVICE_FAMILY = "1,2";
				TEST_TARGET_NAME = GPSSpoof;
			};
			name = Release;
		};
/* End XCBuildConfiguration section */

/* Begin XCConfigurationList section */
		01C257462950AB00003CEBD9 /* Build configuration list for PBXProject "GPSSpoof" */ = {
			isa = XCConfigurationList;
			buildConfigurations = (
				01C2576D2950AB02003CEBD9 /* Debug */,
				01C2576E2950AB02003CEBD9 /* Release */,
			);
			defaultConfigurationIsVisible = 0;
			defaultConfigurationName = Release;
		};
		01C2576F2950AB02003CEBD9 /* Build configuration list for PBXNativeTarget "GPSSpoof" */ = {
			isa = XCConfigurationList;
			buildConfigurations = (
				01C257702950AB02003CEBD9 /* Debug */,
				01C257712950AB02003CEBD9 /* Release */,
			);
			defaultConfigurationIsVisible = 0;
			defaultConfigurationName = Release;
		};
		01C257722950AB02003CEBD9 /* Build configuration list for PBXNativeTarget "GPSSpoofTests" */ = {
			isa = XCConfigurationList;
			buildConfigurations = (
				01C257732950AB02003CEBD9 /* Debug */,
				01C257742950AB02003CEBD9 /* Release */,
			);
			defaultConfigurationIsVisible = 0;
			defaultConfigurationName = Release;
		};
		01C257752950AB02003CEBD9 /* Build configuration list for PBXNativeTarget "GPSSpoofUITests" */ = {
			isa = XCConfigurationList;
			buildConfigurations = (
				01C257762950AB02003CEBD9 /* Debug */,
				01C257772950AB02003CEBD9 /* Release */,
			);
			defaultConfigurationIsVisible = 0;
			defaultConfigurationName = Release;
		};
/* End XCConfigurationList section */
	};
	rootObject = 01C257432950AB00003CEBD9 /* Project object */;
}
